
Microsoft Visual Studio Solution File, Format Version 12.00
# Visual Studio Version 16
VisualStudioVersion = 16.0.30804.86
MinimumVisualStudioVersion = 10.0.40219.1
Project("{FAE04EC0-301F-11D3-BF4B-00C04F79EFBC}") = "Filters", "Filters.csproj", "{BE525BF6-F473-4951-87E5-9B79955184B6}"
EndProject
Global
	GlobalSection(SolutionConfigurationPlatforms) = preSolution
		Debug|Any CPU = Debug|Any CPU
		Release|Any CPU = Release|Any CPU
	EndGlobalSection
	GlobalSection(ProjectConfigurationPlatforms) = postSolution
		{BE525BF6-F473-4951-87E5-9B79955184B6}.Debug|Any CPU.ActiveCfg = Debug|Any CPU
		{BE525BF6-F473-4951-87E5-9B79955184B6}.Debug|Any CPU.Build.0 = Debug|Any CPU
		{BE525BF6-F473-4951-87E5-9B79955184B6}.Release|Any CPU.ActiveCfg = Release|Any CPU
		{BE525BF6-F473-4951-87E5-9B79955184B6}.Release|Any CPU.Build.0 = Release|Any CPU
	EndGlobalSection
	GlobalSection(SolutionProperties) = preSolution
		HideSolutionNode = FALSE
	EndGlobalSection
	GlobalSection(ExtensibilityGlobals) = postSolution
		SolutionGuid = {43C455FE-AAD4-40AC-8802-CF0876FBFC04}
	EndGlobalSection
EndGlobal
